
Microsoft Visual Studio Solution File, Format Version 12.00
# Visual Studio 15
VisualStudioVersion = 15.0.26403.7
MinimumVisualStudioVersion = 10.0.40219.1
Project("{FAE04EC0-301F-11D3-BF4B-00C04F79EFBC}") = "CodeWithVijay", "CodeWithVijay\CodeWithVijay.csproj", "{76D5197B-2314-47E1-B3E5-6A5A8B7F3EA1}"
EndProject
Project("{FAE04EC0-301F-11D3-BF4B-00C04F79EFBC}") = "ServerBusinessLogic", "ServerBusinessLogic\ServerBusinessLogic.csproj", "{7B7BD0A1-8E2B-4ECB-ACEF-5EBA4EF00D64}"
EndProject
Project("{FAE04EC0-301F-11D3-BF4B-00C04F79EFBC}") = "ServerTest", "ServerTest\ServerTest.csproj", "{D5C7514F-A27D-49FB-A225-8DB4F279E42C}"
EndProject
Global
	GlobalSection(SolutionConfigurationPlatforms) = preSolution
		Debug|Any CPU = Debug|Any CPU
		Release|Any CPU = Release|Any CPU
	EndGlobalSection
	GlobalSection(ProjectConfigurationPlatforms) = postSolution
		{76D5197B-2314-47E1-B3E5-6A5A8B7F3EA1}.Debug|Any CPU.ActiveCfg = Debug|Any CPU
		{76D5197B-2314-47E1-B3E5-6A5A8B7F3EA1}.Debug|Any CPU.Build.0 = Debug|Any CPU
		{76D5197B-2314-47E1-B3E5-6A5A8B7F3EA1}.Release|Any CPU.ActiveCfg = Release|Any CPU
		{76D5197B-2314-47E1-B3E5-6A5A8B7F3EA1}.Release|Any CPU.Build.0 = Release|Any CPU
		{7B7BD0A1-8E2B-4ECB-ACEF-5EBA4EF00D64}.Debug|Any CPU.ActiveCfg = Debug|Any CPU
		{7B7BD0A1-8E2B-4ECB-ACEF-5EBA4EF00D64}.Debug|Any CPU.Build.0 = Debug|Any CPU
		{7B7BD0A1-8E2B-4ECB-ACEF-5EBA4EF00D64}.Release|Any CPU.ActiveCfg = Release|Any CPU
		{7B7BD0A1-8E2B-4ECB-ACEF-5EBA4EF00D64}.Release|Any CPU.Build.0 = Release|Any CPU
		{D5C7514F-A27D-49FB-A225-8DB4F279E42C}.Debug|Any CPU.ActiveCfg = Debug|Any CPU
		{D5C7514F-A27D-49FB-A225-8DB4F279E42C}.Debug|Any CPU.Build.0 = Debug|Any CPU
		{D5C7514F-A27D-49FB-A225-8DB4F279E42C}.Release|Any CPU.ActiveCfg = Release|Any CPU
		{D5C7514F-A27D-49FB-A225-8DB4F279E42C}.Release|Any CPU.Build.0 = Release|Any CPU
	EndGlobalSection
	GlobalSection(SolutionProperties) = preSolution
		HideSolutionNode = FALSE
	EndGlobalSection
EndGlobal
